// !$*UTF8*$!
{
	archiveVersion = 1;
	classes = {
	};
	objectVersion = 50;
	objects = {

/* Begin PBXBuildFile section */
		4089EF0C20B6E29000229608 /* WebViewController.swift in Sources */ = {isa = PBXBuildFile; fileRef = 4089EF0B20B6E29000229608 /* WebViewController.swift */; };
		409A378D20B29E91006453DD /* MapViewController.swift in Sources */ = {isa = PBXBuildFile; fileRef = 409A378C20B29E91006453DD /* MapViewController.swift */; };
		409A378F20B2A3FF006453DD /* PageViewController.swift in Sources */ = {isa = PBXBuildFile; fileRef = 409A378E20B2A3FF006453DD /* PageViewController.swift */; };
		409A379F20B2AB37006453DD /* 구형파.jpeg in Resources */ = {isa = PBXBuildFile; fileRef = 409A379120B2AB35006453DD /* 구형파.jpeg */; };
		409A37A020B2AB37006453DD /* 수련회.jpeg in Resources */ = {isa = PBXBuildFile; fileRef = 409A379220B2AB35006453DD /* 수련회.jpeg */; };
		409A37A120B2AB37006453DD /* 콘서트.jpeg in Resources */ = {isa = PBXBuildFile; fileRef = 409A379320B2AB35006453DD /* 콘서트.jpeg */; };
		409A37A220B2AB37006453DD /* 벚꽃.jpeg in Resources */ = {isa = PBXBuildFile; fileRef = 409A379420B2AB35006453DD /* 벚꽃.jpeg */; };
		409A37A320B2AB37006453DD /* 예비군 단체.jpeg in Resources */ = {isa = PBXBuildFile; fileRef = 409A379520B2AB35006453DD /* 예비군 단체.jpeg */; };
		409A37A420B2AB37006453DD /* 전청.jpeg in Resources */ = {isa = PBXBuildFile; fileRef = 409A379620B2AB35006453DD /* 전청.jpeg */; };
		409A37A520B2AB37006453DD /* 첫 예비군.jpeg in Resources */ = {isa = PBXBuildFile; fileRef = 409A379720B2AB36006453DD /* 첫 예비군.jpeg */; };
		409A37A620B2AB37006453DD /* 친구들.jpeg in Resources */ = {isa = PBXBuildFile; fileRef = 409A379820B2AB36006453DD /* 친구들.jpeg */; };
		409A37A720B2AB37006453DD /* 수련회 8조.jpeg in Resources */ = {isa = PBXBuildFile; fileRef = 409A379920B2AB36006453DD /* 수련회 8조.jpeg */; };
		409A37A820B2AB37006453DD /* 학생회 단합.jpeg in Resources */ = {isa = PBXBuildFile; fileRef = 409A379A20B2AB36006453DD /* 학생회 단합.jpeg */; };
		409A37A920B2AB37006453DD /* 뮤지컬 공연.jpeg in Resources */ = {isa = PBXBuildFile; fileRef = 409A379B20B2AB36006453DD /* 뮤지컬 공연.jpeg */; };
		409A37AA20B2AB37006453DD /* 대전.jpeg in Resources */ = {isa = PBXBuildFile; fileRef = 409A379C20B2AB36006453DD /* 대전.jpeg */; };
		409A37AB20B2AB37006453DD /* 코사인 파형.jpeg in Resources */ = {isa = PBXBuildFile; fileRef = 409A379D20B2AB37006453DD /* 코사인 파형.jpeg */; };
		409A37AC20B2AB37006453DD /* 학교 홈커밍데이.jpeg in Resources */ = {isa = PBXBuildFile; fileRef = 409A379E20B2AB37006453DD /* 학교 홈커밍데이.jpeg */; };
		409A37AE20B2BEE8006453DD /* ViewController.swift in Sources */ = {isa = PBXBuildFile; fileRef = 409A37AD20B2BEE8006453DD /* ViewController.swift */; };
		409A37B220B2DC1A006453DD /* 귀여운 아이콘.png in Resources */ = {isa = PBXBuildFile; fileRef = 409A37B120B2DC1A006453DD /* 귀여운 아이콘.png */; };
		40BBB84F20A6CE6D0003742D /* AppDelegate.swift in Sources */ = {isa = PBXBuildFile; fileRef = 40BBB84E20A6CE6D0003742D /* AppDelegate.swift */; };
		40BBB85120A6CE6D0003742D /* Main.swift in Sources */ = {isa = PBXBuildFile; fileRef = 40BBB85020A6CE6D0003742D /* Main.swift */; };
		40BBB85420A6CE6D0003742D /* Main.storyboard in Resources */ = {isa = PBXBuildFile; fileRef = 40BBB85220A6CE6D0003742D /* Main.storyboard */; };
		40BBB85620A6CE6E0003742D /* Assets.xcassets in Resources */ = {isa = PBXBuildFile; fileRef = 40BBB85520A6CE6E0003742D /* Assets.xcassets */; };
		40BBB85920A6CE6E0003742D /* LaunchScreen.storyboard in Resources */ = {isa = PBXBuildFile; fileRef = 40BBB85720A6CE6E0003742D /* LaunchScreen.storyboard */; };
		40BBB87D20A6D10F0003742D /* Record.swift in Sources */ = {isa = PBXBuildFile; fileRef = 40BBB87C20A6D10F0003742D /* Record.swift */; };
		40BBB87F20A708E70003742D /* MainCell.swift in Sources */ = {isa = PBXBuildFile; fileRef = 40BBB87E20A708E70003742D /* MainCell.swift */; };
		40DB8DDD20B45786009B996E /* drfont_daraehand_Basic.ttf in Resources */ = {isa = PBXBuildFile; fileRef = 40DB8DDB20B456EF009B996E /* drfont_daraehand_Basic.ttf */; };
		40DB8DDE20B45786009B996E /* HoonWhitecatR.ttf in Resources */ = {isa = PBXBuildFile; fileRef = 40DB8DDC20B456F0009B996E /* HoonWhitecatR.ttf */; };
		40DB8DDF20B45786009B996E /* SangSangFlowerRoad.otf in Resources */ = {isa = PBXBuildFile; fileRef = 40DB8DDA20B456EF009B996E /* SangSangFlowerRoad.otf */; };
/* End PBXBuildFile section */

/* Begin PBXContainerItemProxy section */
		40BBB86020A6CE6E0003742D /* PBXContainerItemProxy */ = {
			isa = PBXContainerItemProxy;
			containerPortal = 40BBB84320A6CE6D0003742D /* Project object */;
			proxyType = 1;
			remoteGlobalIDString = 40BBB84A20A6CE6D0003742D;
			remoteInfo = Memo;
		};
		40BBB86B20A6CE6E0003742D /* PBXContainerItemProxy */ = {
			isa = PBXContainerItemProxy;
			containerPortal = 40BBB84320A6CE6D0003742D /* Project object */;
			proxyType = 1;
			remoteGlobalIDString = 40BBB84A20A6CE6D0003742D;
			remoteInfo = Memo;
		};
/* End PBXContainerItemProxy section */

/* Begin PBXFileReference section */
		4089EF0B20B6E29000229608 /* WebViewController.swift */ = {isa = PBXFileReference; fileEncoding = 4; lastKnownFileType = sourcecode.swift; path = WebViewController.swift; sourceTree = "<group>"; };
		409A378C20B29E91006453DD /* MapViewController.swift */ = {isa = PBXFileReference; fileEncoding = 4; lastKnownFileType = sourcecode.swift; path = MapViewController.swift; sourceTree = "<group>"; };
		409A378E20B2A3FF006453DD /* PageViewController.swift */ = {isa = PBXFileReference; fileEncoding = 4; lastKnownFileType = sourcecode.swift; path = PageViewController.swift; sourceTree = "<group>"; };
		409A379120B2AB35006453DD /* 구형파.jpeg */ = {isa = PBXFileReference; lastKnownFileType = image.jpeg; path = "구형파.jpeg"; sourceTree = "<group>"; };
		409A379220B2AB35006453DD /* 수련회.jpeg */ = {isa = PBXFileReference; lastKnownFileType = image.jpeg; path = "수련회.jpeg"; sourceTree = "<group>"; };
		409A379320B2AB35006453DD /* 콘서트.jpeg */ = {isa = PBXFileReference; lastKnownFileType = image.jpeg; path = "콘서트.jpeg"; sourceTree = "<group>"; };
		409A379420B2AB35006453DD /* 벚꽃.jpeg */ = {isa = PBXFileReference; lastKnownFileType = image.jpeg; path = "벚꽃.jpeg"; sourceTree = "<group>"; };
		409A379520B2AB35006453DD /* 예비군 단체.jpeg */ = {isa = PBXFileReference; lastKnownFileType = image.jpeg; path = "예비군 단체.jpeg"; sourceTree = "<group>"; };
		409A379620B2AB35006453DD /* 전청.jpeg */ = {isa = PBXFileReference; lastKnownFileType = image.jpeg; path = "전청.jpeg"; sourceTree = "<group>"; };
		409A379720B2AB36006453DD /* 첫 예비군.jpeg */ = {isa = PBXFileReference; lastKnownFileType = image.jpeg; path = "첫 예비군.jpeg"; sourceTree = "<group>"; };
		409A379820B2AB36006453DD /* 친구들.jpeg */ = {isa = PBXFileReference; lastKnownFileType = image.jpeg; path = "친구들.jpeg"; sourceTree = "<group>"; };
		409A379920B2AB36006453DD /* 수련회 8조.jpeg */ = {isa = PBXFileReference; lastKnownFileType = image.jpeg; path = "수련회 8조.jpeg"; sourceTree = "<group>"; };
		409A379A20B2AB36006453DD /* 학생회 단합.jpeg */ = {isa = PBXFileReference; lastKnownFileType = image.jpeg; path = "학생회 단합.jpeg"; sourceTree = "<group>"; };
		409A379B20B2AB36006453DD /* 뮤지컬 공연.jpeg */ = {isa = PBXFileReference; lastKnownFileType = image.jpeg; path = "뮤지컬 공연.jpeg"; sourceTree = "<group>"; };
		409A379C20B2AB36006453DD /* 대전.jpeg */ = {isa = PBXFileReference; lastKnownFileType = image.jpeg; path = "대전.jpeg"; sourceTree = "<group>"; };
		409A379D20B2AB37006453DD /* 코사인 파형.jpeg */ = {isa = PBXFileReference; lastKnownFileType = image.jpeg; path = "코사인 파형.jpeg"; sourceTree = "<group>"; };
		409A379E20B2AB37006453DD /* 학교 홈커밍데이.jpeg */ = {isa = PBXFileReference; lastKnownFileType = image.jpeg; path = "학교 홈커밍데이.jpeg"; sourceTree = "<group>"; };
		409A37AD20B2BEE8006453DD /* ViewController.swift */ = {isa = PBXFileReference; lastKnownFileType = sourcecode.swift; path = ViewController.swift; sourceTree = "<group>"; };
		409A37B120B2DC1A006453DD /* 귀여운 아이콘.png */ = {isa = PBXFileReference; lastKnownFileType = image.png; path = "귀여운 아이콘.png"; sourceTree = "<group>"; };
		40BBB84B20A6CE6D0003742D /* Memo.app */ = {isa = PBXFileReference; explicitFileType = wrapper.application; includeInIndex = 0; path = Memo.app; sourceTree = BUILT_PRODUCTS_DIR; };
		40BBB84E20A6CE6D0003742D /* AppDelegate.swift */ = {isa = PBXFileReference; lastKnownFileType = sourcecode.swift; path = AppDelegate.swift; sourceTree = "<group>"; };
		40BBB85020A6CE6D0003742D /* Main.swift */ = {isa = PBXFileReference; lastKnownFileType = sourcecode.swift; path = Main.swift; sourceTree = "<group>"; };
		40BBB85320A6CE6D0003742D /* Base */ = {isa = PBXFileReference; lastKnownFileType = file.storyboard; name = Base; path = Base.lproj/Main.storyboard; sourceTree = "<group>"; };
		40BBB85520A6CE6E0003742D /* Assets.xcassets */ = {isa = PBXFileReference; lastKnownFileType = folder.assetcatalog; path = Assets.xcassets; sourceTree = "<group>"; };
		40BBB85820A6CE6E0003742D /* Base */ = {isa = PBXFileReference; lastKnownFileType = file.storyboard; name = Base; path = Base.lproj/LaunchScreen.storyboard; sourceTree = "<group>"; };
		40BBB85A20A6CE6E0003742D /* Info.plist */ = {isa = PBXFileReference; lastKnownFileType = text.plist.xml; path = Info.plist; sourceTree = "<group>"; };
		40BBB85F20A6CE6E0003742D /* MemoTests.xctest */ = {isa = PBXFileReference; explicitFileType = wrapper.cfbundle; includeInIndex = 0; path = MemoTests.xctest; sourceTree = BUILT_PRODUCTS_DIR; };
		40BBB86A20A6CE6E0003742D /* MemoUITests.xctest */ = {isa = PBXFileReference; explicitFileType = wrapper.cfbundle; includeInIndex = 0; path = MemoUITests.xctest; sourceTree = BUILT_PRODUCTS_DIR; };
		40BBB87C20A6D10F0003742D /* Record.swift */ = {isa = PBXFileReference; lastKnownFileType = sourcecode.swift; path = Record.swift; sourceTree = "<group>"; };
		40BBB87E20A708E70003742D /* MainCell.swift */ = {isa = PBXFileReference; lastKnownFileType = sourcecode.swift; path = MainCell.swift; sourceTree = "<group>"; };
		40DB8DDA20B456EF009B996E /* SangSangFlowerRoad.otf */ = {isa = PBXFileReference; lastKnownFileType = file; path = SangSangFlowerRoad.otf; sourceTree = "<group>"; };
		40DB8DDB20B456EF009B996E /* drfont_daraehand_Basic.ttf */ = {isa = PBXFileReference; lastKnownFileType = file; path = drfont_daraehand_Basic.ttf; sourceTree = "<group>"; };
		40DB8DDC20B456F0009B996E /* HoonWhitecatR.ttf */ = {isa = PBXFileReference; lastKnownFileType = file; path = HoonWhitecatR.ttf; sourceTree = "<group>"; };
/* End PBXFileReference section */

/* Begin PBXFrameworksBuildPhase section */
		40BBB84820A6CE6D0003742D /* Frameworks */ = {
			isa = PBXFrameworksBuildPhase;
			buildActionMask = 2147483647;
			files = (
			);
			runOnlyForDeploymentPostprocessing = 0;
		};
		40BBB85C20A6CE6E0003742D /* Frameworks */ = {
			isa = PBXFrameworksBuildPhase;
			buildActionMask = 2147483647;
			files = (
			);
			runOnlyForDeploymentPostprocessing = 0;
		};
		40BBB86720A6CE6E0003742D /* Frameworks */ = {
			isa = PBXFrameworksBuildPhase;
			buildActionMask = 2147483647;
			files = (
			);
			runOnlyForDeploymentPostprocessing = 0;
		};
/* End PBXFrameworksBuildPhase section */

/* Begin PBXGroup section */
		409A379020B2AB27006453DD /* image */ = {
			isa = PBXGroup;
			children = (
				409A37B120B2DC1A006453DD /* 귀여운 아이콘.png */,
				409A379120B2AB35006453DD /* 구형파.jpeg */,
				409A379C20B2AB36006453DD /* 대전.jpeg */,
				409A379B20B2AB36006453DD /* 뮤지컬 공연.jpeg */,
				409A379420B2AB35006453DD /* 벚꽃.jpeg */,
				409A379920B2AB36006453DD /* 수련회 8조.jpeg */,
				409A379220B2AB35006453DD /* 수련회.jpeg */,
				409A379520B2AB35006453DD /* 예비군 단체.jpeg */,
				409A379620B2AB35006453DD /* 전청.jpeg */,
				409A379720B2AB36006453DD /* 첫 예비군.jpeg */,
				409A379820B2AB36006453DD /* 친구들.jpeg */,
				409A379D20B2AB37006453DD /* 코사인 파형.jpeg */,
				409A379320B2AB35006453DD /* 콘서트.jpeg */,
				409A379E20B2AB37006453DD /* 학교 홈커밍데이.jpeg */,
				409A379A20B2AB36006453DD /* 학생회 단합.jpeg */,
			);
			path = image;
			sourceTree = "<group>";
		};
		40BBB84220A6CE6D0003742D = {
			isa = PBXGroup;
			children = (
				40BBB84D20A6CE6D0003742D /* Memo */,
				40BBB84C20A6CE6D0003742D /* Products */,
			);
			sourceTree = "<group>";
		};
		40BBB84C20A6CE6D0003742D /* Products */ = {
			isa = PBXGroup;
			children = (
				40BBB84B20A6CE6D0003742D /* Memo.app */,
				40BBB85F20A6CE6E0003742D /* MemoTests.xctest */,
				40BBB86A20A6CE6E0003742D /* MemoUITests.xctest */,
			);
			name = Products;
			sourceTree = "<group>";
		};
		40BBB84D20A6CE6D0003742D /* Memo */ = {
			isa = PBXGroup;
			children = (
				40DB8DD920B45607009B996E /* fonts */,
				409A379020B2AB27006453DD /* image */,
				40BBB84E20A6CE6D0003742D /* AppDelegate.swift */,
				409A37AD20B2BEE8006453DD /* ViewController.swift */,
				40BBB85020A6CE6D0003742D /* Main.swift */,
				40BBB87E20A708E70003742D /* MainCell.swift */,
				40BBB87C20A6D10F0003742D /* Record.swift */,
				409A378C20B29E91006453DD /* MapViewController.swift */,
				409A378E20B2A3FF006453DD /* PageViewController.swift */,
				4089EF0B20B6E29000229608 /* WebViewController.swift */,
				40BBB85220A6CE6D0003742D /* Main.storyboard */,
				40BBB85520A6CE6E0003742D /* Assets.xcassets */,
				40BBB85720A6CE6E0003742D /* LaunchScreen.storyboard */,
				40BBB85A20A6CE6E0003742D /* Info.plist */,
			);
			path = Memo;
			sourceTree = "<group>";
		};
		40DB8DD920B45607009B996E /* fonts */ = {
			isa = PBXGroup;
			children = (
				40DB8DDB20B456EF009B996E /* drfont_daraehand_Basic.ttf */,
				40DB8DDC20B456F0009B996E /* HoonWhitecatR.ttf */,
				40DB8DDA20B456EF009B996E /* SangSangFlowerRoad.otf */,
			);
			path = fonts;
			sourceTree = "<group>";
		};
/* End PBXGroup section */

/* Begin PBXNativeTarget section */
		40BBB84A20A6CE6D0003742D /* Memo */ = {
			isa = PBXNativeTarget;
			buildConfigurationList = 40BBB87320A6CE6E0003742D /* Build configuration list for PBXNativeTarget "Memo" */;
			buildPhases = (
				40BBB84720A6CE6D0003742D /* Sources */,
				40BBB84820A6CE6D0003742D /* Frameworks */,
				40BBB84920A6CE6D0003742D /* Resources */,
			);
			buildRules = (
			);
			dependencies = (
			);
			name = Memo;
			productName = Memo;
			productReference = 40BBB84B20A6CE6D0003742D /* Memo.app */;
			productType = "com.apple.product-type.application";
		};
		40BBB85E20A6CE6E0003742D /* MemoTests */ = {
			isa = PBXNativeTarget;
			buildConfigurationList = 40BBB87620A6CE6E0003742D /* Build configuration list for PBXNativeTarget "MemoTests" */;
			buildPhases = (
				40BBB85B20A6CE6E0003742D /* Sources */,
				40BBB85C20A6CE6E0003742D /* Frameworks */,
				40BBB85D20A6CE6E0003742D /* Resources */,
			);
			buildRules = (
			);
			dependencies = (
				40BBB86120A6CE6E0003742D /* PBXTargetDependency */,
			);
			name = MemoTests;
			productName = MemoTests;
			productReference = 40BBB85F20A6CE6E0003742D /* MemoTests.xctest */;
			productType = "com.apple.product-type.bundle.unit-test";
		};
		40BBB86920A6CE6E0003742D /* MemoUITests */ = {
			isa = PBXNativeTarget;
			buildConfigurationList = 40BBB87920A6CE6E0003742D /* Build configuration list for PBXNativeTarget "MemoUITests" */;
			buildPhases = (
				40BBB86620A6CE6E0003742D /* Sources */,
				40BBB86720A6CE6E0003742D /* Frameworks */,
				40BBB86820A6CE6E0003742D /* Resources */,
			);
			buildRules = (
			);
			dependencies = (
				40BBB86C20A6CE6E0003742D /* PBXTargetDependency */,
			);
			name = MemoUITests;
			productName = MemoUITests;
			productReference = 40BBB86A20A6CE6E0003742D /* MemoUITests.xctest */;
			productType = "com.apple.product-type.bundle.ui-testing";
		};
/* End PBXNativeTarget section */

/* Begin PBXProject section */
		40BBB84320A6CE6D0003742D /* Project object */ = {
			isa = PBXProject;
			attributes = {
				LastSwiftUpdateCheck = 0930;
				LastUpgradeCheck = 0930;
				ORGANIZATIONNAME = "박우림";
				TargetAttributes = {
					40BBB84A20A6CE6D0003742D = {
						CreatedOnToolsVersion = 9.3.1;
					};
					40BBB85E20A6CE6E0003742D = {
						CreatedOnToolsVersion = 9.3.1;
						TestTargetID = 40BBB84A20A6CE6D0003742D;
					};
					40BBB86920A6CE6E0003742D = {
						CreatedOnToolsVersion = 9.3.1;
						TestTargetID = 40BBB84A20A6CE6D0003742D;
					};
				};
			};
			buildConfigurationList = 40BBB84620A6CE6D0003742D /* Build configuration list for PBXProject "Portfolio Project" */;
			compatibilityVersion = "Xcode 9.3";
			developmentRegion = en;
			hasScannedForEncodings = 0;
			knownRegions = (
				en,
				Base,
			);
			mainGroup = 40BBB84220A6CE6D0003742D;
			productRefGroup = 40BBB84C20A6CE6D0003742D /* Products */;
			projectDirPath = "";
			projectRoot = "";
			targets = (
				40BBB84A20A6CE6D0003742D /* Memo */,
				40BBB85E20A6CE6E0003742D /* MemoTests */,
				40BBB86920A6CE6E0003742D /* MemoUITests */,
			);
		};
/* End PBXProject section */

/* Begin PBXResourcesBuildPhase section */
		40BBB84920A6CE6D0003742D /* Resources */ = {
			isa = PBXResourcesBuildPhase;
			buildActionMask = 2147483647;
			files = (
				40DB8DDD20B45786009B996E /* drfont_daraehand_Basic.ttf in Resources */,
				40DB8DDE20B45786009B996E /* HoonWhitecatR.ttf in Resources */,
				40DB8DDF20B45786009B996E /* SangSangFlowerRoad.otf in Resources */,
				409A37AC20B2AB37006453DD /* 학교 홈커밍데이.jpeg in Resources */,
				409A37AA20B2AB37006453DD /* 대전.jpeg in Resources */,
				40BBB85920A6CE6E0003742D /* LaunchScreen.storyboard in Resources */,
				409A37A920B2AB37006453DD /* 뮤지컬 공연.jpeg in Resources */,
				409A37A720B2AB37006453DD /* 수련회 8조.jpeg in Resources */,
				409A37A520B2AB37006453DD /* 첫 예비군.jpeg in Resources */,
				409A37A320B2AB37006453DD /* 예비군 단체.jpeg in Resources */,
				409A37A220B2AB37006453DD /* 벚꽃.jpeg in Resources */,
				409A37B220B2DC1A006453DD /* 귀여운 아이콘.png in Resources */,
				409A379F20B2AB37006453DD /* 구형파.jpeg in Resources */,
				409A37A120B2AB37006453DD /* 콘서트.jpeg in Resources */,
				409A37A420B2AB37006453DD /* 전청.jpeg in Resources */,
				409A37AB20B2AB37006453DD /* 코사인 파형.jpeg in Resources */,
				409A37A020B2AB37006453DD /* 수련회.jpeg in Resources */,
				409A37A620B2AB37006453DD /* 친구들.jpeg in Resources */,
				40BBB85620A6CE6E0003742D /* Assets.xcassets in Resources */,
				40BBB85420A6CE6D0003742D /* Main.storyboard in Resources */,
				409A37A820B2AB37006453DD /* 학생회 단합.jpeg in Resources */,
			);
			runOnlyForDeploymentPostprocessing = 0;
		};
		40BBB85D20A6CE6E0003742D /* Resources */ = {
			isa = PBXResourcesBuildPhase;
			buildActionMask = 2147483647;
			files = (
			);
			runOnlyForDeploymentPostprocessing = 0;
		};
		40BBB86820A6CE6E0003742D /* Resources */ = {
			isa = PBXResourcesBuildPhase;
			buildActionMask = 2147483647;
			files = (
			);
			runOnlyForDeploymentPostprocessing = 0;
		};
/* End PBXResourcesBuildPhase section */

/* Begin PBXSourcesBuildPhase section */
		40BBB84720A6CE6D0003742D /* Sources */ = {
			isa = PBXSourcesBuildPhase;
			buildActionMask = 2147483647;
			files = (
				40BBB85120A6CE6D0003742D /* Main.swift in Sources */,
				40BBB84F20A6CE6D0003742D /* AppDelegate.swift in Sources */,
				40BBB87F20A708E70003742D /* MainCell.swift in Sources */,
				409A378F20B2A3FF006453DD /* PageViewController.swift in Sources */,
				409A37AE20B2BEE8006453DD /* ViewController.swift in Sources */,
				409A378D20B29E91006453DD /* MapViewController.swift in Sources */,
				40BBB87D20A6D10F0003742D /* Record.swift in Sources */,
				4089EF0C20B6E29000229608 /* WebViewController.swift in Sources */,
			);
			runOnlyForDeploymentPostprocessing = 0;
		};
		40BBB85B20A6CE6E0003742D /* Sources */ = {
			isa = PBXSourcesBuildPhase;
			buildActionMask = 2147483647;
			files = (
			);
			runOnlyForDeploymentPostprocessing = 0;
		};
		40BBB86620A6CE6E0003742D /* Sources */ = {
			isa = PBXSourcesBuildPhase;
			buildActionMask = 2147483647;
			files = (
			);
			runOnlyForDeploymentPostprocessing = 0;
		};
/* End PBXSourcesBuildPhase section */

/* Begin PBXTargetDependency section */
		40BBB86120A6CE6E0003742D /* PBXTargetDependency */ = {
			isa = PBXTargetDependency;
			target = 40BBB84A20A6CE6D0003742D /* Memo */;
			targetProxy = 40BBB86020A6CE6E0003742D /* PBXContainerItemProxy */;
		};
		40BBB86C20A6CE6E0003742D /* PBXTargetDependency */ = {
			isa = PBXTargetDependency;
			target = 40BBB84A20A6CE6D0003742D /* Memo */;
			targetProxy = 40BBB86B20A6CE6E0003742D /* PBXContainerItemProxy */;
		};
/* End PBXTargetDependency section */

/* Begin PBXVariantGroup section */
		40BBB85220A6CE6D0003742D /* Main.storyboard */ = {
			isa = PBXVariantGroup;
			children = (
				40BBB85320A6CE6D0003742D /* Base */,
			);
			name = Main.storyboard;
			sourceTree = "<group>";
		};
		40BBB85720A6CE6E0003742D /* LaunchScreen.storyboard */ = {
			isa = PBXVariantGroup;
			children = (
				40BBB85820A6CE6E0003742D /* Base */,
			);
			name = LaunchScreen.storyboard;
			sourceTree = "<group>";
		};
/* End PBXVariantGroup section */

/* Begin XCBuildConfiguration section */
		40BBB87120A6CE6E0003742D /* Debug */ = {
			isa = XCBuildConfiguration;
			buildSettings = {
				ALWAYS_SEARCH_USER_PATHS = NO;
				CLANG_ANALYZER_NONNULL = YES;
				CLANG_ANALYZER_NUMBER_OBJECT_CONVERSION = YES_AGGRESSIVE;
				CLANG_CXX_LANGUAGE_STANDARD = "gnu++14";
				CLANG_CXX_LIBRARY = "libc++";
				CLANG_ENABLE_MODULES = YES;
				CLANG_ENABLE_OBJC_ARC = YES;
				CLANG_ENABLE_OBJC_WEAK = YES;
				CLANG_WARN_BLOCK_CAPTURE_AUTORELEASING = YES;
				CLANG_WARN_BOOL_CONVERSION = YES;
				CLANG_WARN_COMMA = YES;
				CLANG_WARN_CONSTANT_CONVERSION = YES;
				CLANG_WARN_DEPRECATED_OBJC_IMPLEMENTATIONS = YES;
				CLANG_WARN_DIRECT_OBJC_ISA_USAGE = YES_ERROR;
				CLANG_WARN_DOCUMENTATION_COMMENTS = YES;
				CLANG_WARN_EMPTY_BODY = YES;
				CLANG_WARN_ENUM_CONVERSION = YES;
				CLANG_WARN_INFINITE_RECURSION = YES;
				CLANG_WARN_INT_CONVERSION = YES;
				CLANG_WARN_NON_LITERAL_NULL_CONVERSION = YES;
				CLANG_WARN_OBJC_IMPLICIT_RETAIN_SELF = YES;
				CLANG_WARN_OBJC_LITERAL_CONVERSION = YES;
				CLANG_WARN_OBJC_ROOT_CLASS = YES_ERROR;
				CLANG_WARN_RANGE_LOOP_ANALYSIS = YES;
				CLANG_WARN_STRICT_PROTOTYPES = YES;
				CLANG_WARN_SUSPICIOUS_MOVE = YES;
				CLANG_WARN_UNGUARDED_AVAILABILITY = YES_AGGRESSIVE;
				CLANG_WARN_UNREACHABLE_CODE = YES;
				CLANG_WARN__DUPLICATE_METHOD_MATCH = YES;
				CODE_SIGN_IDENTITY = "iPhone Developer";
				COPY_PHASE_STRIP = NO;
				DEBUG_INFORMATION_FORMAT = dwarf;
				ENABLE_STRICT_OBJC_MSGSEND = YES;
				ENABLE_TESTABILITY = YES;
				GCC_C_LANGUAGE_STANDARD = gnu11;
				GCC_DYNAMIC_NO_PIC = NO;
				GCC_NO_COMMON_BLOCKS = YES;
				GCC_OPTIMIZATION_LEVEL = 0;
				GCC_PREPROCESSOR_DEFINITIONS = (
					"DEBUG=1",
					"$(inherited)",
				);
				GCC_WARN_64_TO_32_BIT_CONVERSION = YES;
				GCC_WARN_ABOUT_RETURN_TYPE = YES_ERROR;
				GCC_WARN_UNDECLARED_SELECTOR = YES;
				GCC_WARN_UNINITIALIZED_AUTOS = YES_AGGRESSIVE;
				GCC_WARN_UNUSED_FUNCTION = YES;
				GCC_WARN_UNUSED_VARIABLE = YES;
				IPHONEOS_DEPLOYMENT_TARGET = 11.3;
				MTL_ENABLE_DEBUG_INFO = YES;
				ONLY_ACTIVE_ARCH = YES;
				SDKROOT = iphoneos;
				SWIFT_ACTIVE_COMPILATION_CONDITIONS = DEBUG;
				SWIFT_OPTIMIZATION_LEVEL = "-Onone";
			};
			name = Debug;
		};
		40BBB87220A6CE6E0003742D /* Release */ = {
			isa = XCBuildConfiguration;
			buildSettings = {
				ALWAYS_SEARCH_USER_PATHS = NO;
				CLANG_ANALYZER_NONNULL = YES;
				CLANG_ANALYZER_NUMBER_OBJECT_CONVERSION = YES_AGGRESSIVE;
				CLANG_CXX_LANGUAGE_STANDARD = "gnu++14";
				CLANG_CXX_LIBRARY = "libc++";
				CLANG_ENABLE_MODULES = YES;
				CLANG_ENABLE_OBJC_ARC = YES;
				CLANG_ENABLE_OBJC_WEAK = YES;
				CLANG_WARN_BLOCK_CAPTURE_AUTORELEASING = YES;
				CLANG_WARN_BOOL_CONVERSION = YES;
				CLANG_WARN_COMMA = YES;
				CLANG_WARN_CONSTANT_CONVERSION = YES;
				CLANG_WARN_DEPRECATED_OBJC_IMPLEMENTATIONS = YES;
				CLANG_WARN_DIRECT_OBJC_ISA_USAGE = YES_ERROR;
				CLANG_WARN_DOCUMENTATION_COMMENTS = YES;
				CLANG_WARN_EMPTY_BODY = YES;
				CLANG_WARN_ENUM_CONVERSION = YES;
				CLANG_WARN_INFINITE_RECURSION = YES;
				CLANG_WARN_INT_CONVERSION = YES;
				CLANG_WARN_NON_LITERAL_NULL_CONVERSION = YES;
				CLANG_WARN_OBJC_IMPLICIT_RETAIN_SELF = YES;
				CLANG_WARN_OBJC_LITERAL_CONVERSION = YES;
				CLANG_WARN_OBJC_ROOT_CLASS = YES_ERROR;
				CLANG_WARN_RANGE_LOOP_ANALYSIS = YES;
				CLANG_WARN_STRICT_PROTOTYPES = YES;
				CLANG_WARN_SUSPICIOUS_MOVE = YES;
				CLANG_WARN_UNGUARDED_AVAILABILITY = YES_AGGRESSIVE;
				CLANG_WARN_UNREACHABLE_CODE = YES;
				CLANG_WARN__DUPLICATE_METHOD_MATCH = YES;
				CODE_SIGN_IDENTITY = "iPhone Developer";
				COPY_PHASE_STRIP = NO;
				DEBUG_INFORMATION_FORMAT = "dwarf-with-dsym";
				ENABLE_NS_ASSERTIONS = NO;
				ENABLE_STRICT_OBJC_MSGSEND = YES;
				GCC_C_LANGUAGE_STANDARD = gnu11;
				GCC_NO_COMMON_BLOCKS = YES;
				GCC_WARN_64_TO_32_BIT_CONVERSION = YES;
				GCC_WARN_ABOUT_RETURN_TYPE = YES_ERROR;
				GCC_WARN_UNDECLARED_SELECTOR = YES;
				GCC_WARN_UNINITIALIZED_AUTOS = YES_AGGRESSIVE;
				GCC_WARN_UNUSED_FUNCTION = YES;
				GCC_WARN_UNUSED_VARIABLE = YES;
				IPHONEOS_DEPLOYMENT_TARGET = 11.3;
				MTL_ENABLE_DEBUG_INFO = NO;
				SDKROOT = iphoneos;
				SWIFT_COMPILATION_MODE = wholemodule;
				SWIFT_OPTIMIZATION_LEVEL = "-O";
				VALIDATE_PRODUCT = YES;
			};
			name = Release;
		};
		40BBB87420A6CE6E0003742D /* Debug */ = {
			isa = XCBuildConfiguration;
			buildSettings = {
				ASSETCATALOG_COMPILER_APPICON_NAME = AppIcon;
				CODE_SIGN_STYLE = Automatic;
				DEVELOPMENT_TEAM = BK846CSC5T;
				INFOPLIST_FILE = Memo/Info.plist;
				LD_RUNPATH_SEARCH_PATHS = (
					"$(inherited)",
					"@executable_path/Frameworks",
				);
				PRODUCT_BUNDLE_IDENTIFIER = "park-woorim.Memo";
				PRODUCT_NAME = "$(TARGET_NAME)";
				SWIFT_VERSION = 4.0;
				TARGETED_DEVICE_FAMILY = "1,2";
			};
			name = Debug;
		};
		40BBB87520A6CE6E0003742D /* Release */ = {
			isa = XCBuildConfiguration;
			buildSettings = {
				ASSETCATALOG_COMPILER_APPICON_NAME = AppIcon;
				CODE_SIGN_STYLE = Automatic;
				DEVELOPMENT_TEAM = BK846CSC5T;
				INFOPLIST_FILE = Memo/Info.plist;
				LD_RUNPATH_SEARCH_PATHS = (
					"$(inherited)",
					"@executable_path/Frameworks",
				);
				PRODUCT_BUNDLE_IDENTIFIER = "park-woorim.Memo";
				PRODUCT_NAME = "$(TARGET_NAME)";
				SWIFT_VERSION = 4.0;
				TARGETED_DEVICE_FAMILY = "1,2";
			};
			name = Release;
		};
		40BBB87720A6CE6E0003742D /* Debug */ = {
			isa = XCBuildConfiguration;
			buildSettings = {
				ALWAYS_EMBED_SWIFT_STANDARD_LIBRARIES = YES;
				BUNDLE_LOADER = "$(TEST_HOST)";
				CODE_SIGN_STYLE = Automatic;
				INFOPLIST_FILE = MemoTests/Info.plist;
				LD_RUNPATH_SEARCH_PATHS = (
					"$(inherited)",
					"@executable_path/Frameworks",
					"@loader_path/Frameworks",
				);
				PRODUCT_BUNDLE_IDENTIFIER = "park-woorim.MemoTests";
				PRODUCT_NAME = "$(TARGET_NAME)";
				SWIFT_VERSION = 4.0;
				TARGETED_DEVICE_FAMILY = "1,2";
				TEST_HOST = "$(BUILT_PRODUCTS_DIR)/Memo.app/Memo";
			};
			name = Debug;
		};
		40BBB87820A6CE6E0003742D /* Release */ = {
			isa = XCBuildConfiguration;
			buildSettings = {
				ALWAYS_EMBED_SWIFT_STANDARD_LIBRARIES = YES;
				BUNDLE_LOADER = "$(TEST_HOST)";
				CODE_SIGN_STYLE = Automatic;
				INFOPLIST_FILE = MemoTests/Info.plist;
				LD_RUNPATH_SEARCH_PATHS = (
					"$(inherited)",
					"@executable_path/Frameworks",
					"@loader_path/Frameworks",
				);
				PRODUCT_BUNDLE_IDENTIFIER = "park-woorim.MemoTests";
				PRODUCT_NAME = "$(TARGET_NAME)";
				SWIFT_VERSION = 4.0;
				TARGETED_DEVICE_FAMILY = "1,2";
				TEST_HOST = "$(BUILT_PRODUCTS_DIR)/Memo.app/Memo";
			};
			name = Release;
		};
		40BBB87A20A6CE6E0003742D /* Debug */ = {
			isa = XCBuildConfiguration;
			buildSettings = {
				ALWAYS_EMBED_SWIFT_STANDARD_LIBRARIES = YES;
				CODE_SIGN_STYLE = Automatic;
				INFOPLIST_FILE = MemoUITests/Info.plist;
				LD_RUNPATH_SEARCH_PATHS = (
					"$(inherited)",
					"@executable_path/Frameworks",
					"@loader_path/Frameworks",
				);
				PRODUCT_BUNDLE_IDENTIFIER = "park-woorim.MemoUITests";
				PRODUCT_NAME = "$(TARGET_NAME)";
				SWIFT_VERSION = 4.0;
				TARGETED_DEVICE_FAMILY = "1,2";
				TEST_TARGET_NAME = Memo;
			};
			name = Debug;
		};
		40BBB87B20A6CE6E0003742D /* Release */ = {
			isa = XCBuildConfiguration;
			buildSettings = {
				ALWAYS_EMBED_SWIFT_STANDARD_LIBRARIES = YES;
				CODE_SIGN_STYLE = Automatic;
				INFOPLIST_FILE = MemoUITests/Info.plist;
				LD_RUNPATH_SEARCH_PATHS = (
					"$(inherited)",
					"@executable_path/Frameworks",
					"@loader_path/Frameworks",
				);
				PRODUCT_BUNDLE_IDENTIFIER = "park-woorim.MemoUITests";
				PRODUCT_NAME = "$(TARGET_NAME)";
				SWIFT_VERSION = 4.0;
				TARGETED_DEVICE_FAMILY = "1,2";
				TEST_TARGET_NAME = Memo;
			};
			name = Release;
		};
/* End XCBuildConfiguration section */

/* Begin XCConfigurationList section */
		40BBB84620A6CE6D0003742D /* Build configuration list for PBXProject "Portfolio Project" */ = {
			isa = XCConfigurationList;
			buildConfigurations = (
				40BBB87120A6CE6E0003742D /* Debug */,
				40BBB87220A6CE6E0003742D /* Release */,
			);
			defaultConfigurationIsVisible = 0;
			defaultConfigurationName = Release;
		};
		40BBB87320A6CE6E0003742D /* Build configuration list for PBXNativeTarget "Memo" */ = {
			isa = XCConfigurationList;
			buildConfigurations = (
				40BBB87420A6CE6E0003742D /* Debug */,
				40BBB87520A6CE6E0003742D /* Release */,
			);
			defaultConfigurationIsVisible = 0;
			defaultConfigurationName = Release;
		};
		40BBB87620A6CE6E0003742D /* Build configuration list for PBXNativeTarget "MemoTests" */ = {
			isa = XCConfigurationList;
			buildConfigurations = (
				40BBB87720A6CE6E0003742D /* Debug */,
				40BBB87820A6CE6E0003742D /* Release */,
			);
			defaultConfigurationIsVisible = 0;
			defaultConfigurationName = Release;
		};
		40BBB87920A6CE6E0003742D /* Build configuration list for PBXNativeTarget "MemoUITests" */ = {
			isa = XCConfigurationList;
			buildConfigurations = (
				40BBB87A20A6CE6E0003742D /* Debug */,
				40BBB87B20A6CE6E0003742D /* Release */,
			);
			defaultConfigurationIsVisible = 0;
			defaultConfigurationName = Release;
		};
/* End XCConfigurationList section */
	};
	rootObject = 40BBB84320A6CE6D0003742D /* Project object */;
}
