// !$*UTF8*$!
{
	archiveVersion = 1;
	classes = {
	};
	objectVersion = 50;
	objects = {

/* Begin PBXBuildFile section */
		40BBB84F20A6CE6D0003742D /* AppDelegate.swift in Sources */ = {isa = PBXBuildFile; fileRef = 40BBB84E20A6CE6D0003742D /* AppDelegate.swift */; };
		40BBB85120A6CE6D0003742D /* ViewController.swift in Sources */ = {isa = PBXBuildFile; fileRef = 40BBB85020A6CE6D0003742D /* ViewController.swift */; };
		40BBB85420A6CE6D0003742D /* Main.storyboard in Resources */ = {isa = PBXBuildFile; fileRef = 40BBB85220A6CE6D0003742D /* Main.storyboard */; };
		40BBB85620A6CE6E0003742D /* Assets.xcassets in Resources */ = {isa = PBXBuildFile; fileRef = 40BBB85520A6CE6E0003742D /* Assets.xcassets */; };
		40BBB85920A6CE6E0003742D /* LaunchScreen.storyboard in Resources */ = {isa = PBXBuildFile; fileRef = 40BBB85720A6CE6E0003742D /* LaunchScreen.storyboard */; };
		40BBB86420A6CE6E0003742D /* MemoTests.swift in Sources */ = {isa = PBXBuildFile; fileRef = 40BBB86320A6CE6E0003742D /* MemoTests.swift */; };
		40BBB86F20A6CE6E0003742D /* MemoUITests.swift in Sources */ = {isa = PBXBuildFile; fileRef = 40BBB86E20A6CE6E0003742D /* MemoUITests.swift */; };
/* End PBXBuildFile section */

/* Begin PBXContainerItemProxy section */
		40BBB86020A6CE6E0003742D /* PBXContainerItemProxy */ = {
			isa = PBXContainerItemProxy;
			containerPortal = 40BBB84320A6CE6D0003742D /* Project object */;
			proxyType = 1;
			remoteGlobalIDString = 40BBB84A20A6CE6D0003742D;
			remoteInfo = Memo;
		};
		40BBB86B20A6CE6E0003742D /* PBXContainerItemProxy */ = {
			isa = PBXContainerItemProxy;
			containerPortal = 40BBB84320A6CE6D0003742D /* Project object */;
			proxyType = 1;
			remoteGlobalIDString = 40BBB84A20A6CE6D0003742D;
			remoteInfo = Memo;
		};
/* End PBXContainerItemProxy section */

/* Begin PBXFileReference section */
		40BBB84B20A6CE6D0003742D /* Memo.app */ = {isa = PBXFileReference; explicitFileType = wrapper.application; includeInIndex = 0; path = Memo.app; sourceTree = BUILT_PRODUCTS_DIR; };
		40BBB84E20A6CE6D0003742D /* AppDelegate.swift */ = {isa = PBXFileReference; lastKnownFileType = sourcecode.swift; path = AppDelegate.swift; sourceTree = "<group>"; };
		40BBB85020A6CE6D0003742D /* ViewController.swift */ = {isa = PBXFileReference; lastKnownFileType = sourcecode.swift; path = ViewController.swift; sourceTree = "<group>"; };
		40BBB85320A6CE6D0003742D /* Base */ = {isa = PBXFileReference; lastKnownFileType = file.storyboard; name = Base; path = Base.lproj/Main.storyboard; sourceTree = "<group>"; };
		40BBB85520A6CE6E0003742D /* Assets.xcassets */ = {isa = PBXFileReference; lastKnownFileType = folder.assetcatalog; path = Assets.xcassets; sourceTree = "<group>"; };
		40BBB85820A6CE6E0003742D /* Base */ = {isa = PBXFileReference; lastKnownFileType = file.storyboard; name = Base; path = Base.lproj/LaunchScreen.storyboard; sourceTree = "<group>"; };
		40BBB85A20A6CE6E0003742D /* Info.plist */ = {isa = PBXFileReference; lastKnownFileType = text.plist.xml; path = Info.plist; sourceTree = "<group>"; };
		40BBB85F20A6CE6E0003742D /* MemoTests.xctest */ = {isa = PBXFileReference; explicitFileType = wrapper.cfbundle; includeInIndex = 0; path = MemoTests.xctest; sourceTree = BUILT_PRODUCTS_DIR; };
		40BBB86320A6CE6E0003742D /* MemoTests.swift */ = {isa = PBXFileReference; lastKnownFileType = sourcecode.swift; path = MemoTests.swift; sourceTree = "<group>"; };
		40BBB86520A6CE6E0003742D /* Info.plist */ = {isa = PBXFileReference; lastKnownFileType = text.plist.xml; path = Info.plist; sourceTree = "<group>"; };
		40BBB86A20A6CE6E0003742D /* MemoUITests.xctest */ = {isa = PBXFileReference; explicitFileType = wrapper.cfbundle; includeInIndex = 0; path = MemoUITests.xctest; sourceTree = BUILT_PRODUCTS_DIR; };
		40BBB86E20A6CE6E0003742D /* MemoUITests.swift */ = {isa = PBXFileReference; lastKnownFileType = sourcecode.swift; path = MemoUITests.swift; sourceTree = "<group>"; };
		40BBB87020A6CE6E0003742D /* Info.plist */ = {isa = PBXFileReference; lastKnownFileType = text.plist.xml; path = Info.plist; sourceTree = "<group>"; };
/* End PBXFileReference section */

/* Begin PBXFrameworksBuildPhase section */
		40BBB84820A6CE6D0003742D /* Frameworks */ = {
			isa = PBXFrameworksBuildPhase;
			buildActionMask = 2147483647;
			files = (
			);
			runOnlyForDeploymentPostprocessing = 0;
		};
		40BBB85C20A6CE6E0003742D /* Frameworks */ = {
			isa = PBXFrameworksBuildPhase;
			buildActionMask = 2147483647;
			files = (
			);
			runOnlyForDeploymentPostprocessing = 0;
		};
		40BBB86720A6CE6E0003742D /* Frameworks */ = {
			isa = PBXFrameworksBuildPhase;
			buildActionMask = 2147483647;
			files = (
			);
			runOnlyForDeploymentPostprocessing = 0;
		};
/* End PBXFrameworksBuildPhase section */

/* Begin PBXGroup section */
		40BBB84220A6CE6D0003742D = {
			isa = PBXGroup;
			children = (
				40BBB84D20A6CE6D0003742D /* Memo */,
				40BBB86220A6CE6E0003742D /* MemoTests */,
				40BBB86D20A6CE6E0003742D /* MemoUITests */,
				40BBB84C20A6CE6D0003742D /* Products */,
			);
			sourceTree = "<group>";
		};
		40BBB84C20A6CE6D0003742D /* Products */ = {
			isa = PBXGroup;
			children = (
				40BBB84B20A6CE6D0003742D /* Memo.app */,
				40BBB85F20A6CE6E0003742D /* MemoTests.xctest */,
				40BBB86A20A6CE6E0003742D /* MemoUITests.xctest */,
			);
			name = Products;
			sourceTree = "<group>";
		};
		40BBB84D20A6CE6D0003742D /* Memo */ = {
			isa = PBXGroup;
			children = (
				40BBB84E20A6CE6D0003742D /* AppDelegate.swift */,
				40BBB85020A6CE6D0003742D /* ViewController.swift */,
				40BBB85220A6CE6D0003742D /* Main.storyboard */,
				40BBB85520A6CE6E0003742D /* Assets.xcassets */,
				40BBB85720A6CE6E0003742D /* LaunchScreen.storyboard */,
				40BBB85A20A6CE6E0003742D /* Info.plist */,
			);
			path = Memo;
			sourceTree = "<group>";
		};
		40BBB86220A6CE6E0003742D /* MemoTests */ = {
			isa = PBXGroup;
			children = (
				40BBB86320A6CE6E0003742D /* MemoTests.swift */,
				40BBB86520A6CE6E0003742D /* Info.plist */,
			);
			path = MemoTests;
			sourceTree = "<group>";
		};
		40BBB86D20A6CE6E0003742D /* MemoUITests */ = {
			isa = PBXGroup;
			children = (
				40BBB86E20A6CE6E0003742D /* MemoUITests.swift */,
				40BBB87020A6CE6E0003742D /* Info.plist */,
			);
			path = MemoUITests;
			sourceTree = "<group>";
		};
/* End PBXGroup section */

/* Begin PBXNativeTarget section */
		40BBB84A20A6CE6D0003742D /* Memo */ = {
			isa = PBXNativeTarget;
			buildConfigurationList = 40BBB87320A6CE6E0003742D /* Build configuration list for PBXNativeTarget "Memo" */;
			buildPhases = (
				40BBB84720A6CE6D0003742D /* Sources */,
				40BBB84820A6CE6D0003742D /* Frameworks */,
				40BBB84920A6CE6D0003742D /* Resources */,
			);
			buildRules = (
			);
			dependencies = (
			);
			name = Memo;
			productName = Memo;
			productReference = 40BBB84B20A6CE6D0003742D /* Memo.app */;
			productType = "com.apple.product-type.application";
		};
		40BBB85E20A6CE6E0003742D /* MemoTests */ = {
			isa = PBXNativeTarget;
			buildConfigurationList = 40BBB87620A6CE6E0003742D /* Build configuration list for PBXNativeTarget "MemoTests" */;
			buildPhases = (
				40BBB85B20A6CE6E0003742D /* Sources */,
				40BBB85C20A6CE6E0003742D /* Frameworks */,
				40BBB85D20A6CE6E0003742D /* Resources */,
			);
			buildRules = (
			);
			dependencies = (
				40BBB86120A6CE6E0003742D /* PBXTargetDependency */,
			);
			name = MemoTests;
			productName = MemoTests;
			productReference = 40BBB85F20A6CE6E0003742D /* MemoTests.xctest */;
			productType = "com.apple.product-type.bundle.unit-test";
		};
		40BBB86920A6CE6E0003742D /* MemoUITests */ = {
			isa = PBXNativeTarget;
			buildConfigurationList = 40BBB87920A6CE6E0003742D /* Build configuration list for PBXNativeTarget "MemoUITests" */;
			buildPhases = (
				40BBB86620A6CE6E0003742D /* Sources */,
				40BBB86720A6CE6E0003742D /* Frameworks */,
				40BBB86820A6CE6E0003742D /* Resources */,
			);
			buildRules = (
			);
			dependencies = (
				40BBB86C20A6CE6E0003742D /* PBXTargetDependency */,
			);
			name = MemoUITests;
			productName = MemoUITests;
			productReference = 40BBB86A20A6CE6E0003742D /* MemoUITests.xctest */;
			productType = "com.apple.product-type.bundle.ui-testing";
		};
/* End PBXNativeTarget section */

/* Begin PBXProject section */
		40BBB84320A6CE6D0003742D /* Project object */ = {
			isa = PBXProject;
			attributes = {
				LastSwiftUpdateCheck = 0930;
				LastUpgradeCheck = 0930;
				ORGANIZATIONNAME = "박우림";
				TargetAttributes = {
					40BBB84A20A6CE6D0003742D = {
						CreatedOnToolsVersion = 9.3.1;
					};
					40BBB85E20A6CE6E0003742D = {
						CreatedOnToolsVersion = 9.3.1;
						TestTargetID = 40BBB84A20A6CE6D0003742D;
					};
					40BBB86920A6CE6E0003742D = {
						CreatedOnToolsVersion = 9.3.1;
						TestTargetID = 40BBB84A20A6CE6D0003742D;
					};
				};
			};
			buildConfigurationList = 40BBB84620A6CE6D0003742D /* Build configuration list for PBXProject "Memo" */;
			compatibilityVersion = "Xcode 9.3";
			developmentRegion = en;
			hasScannedForEncodings = 0;
			knownRegions = (
				en,
				Base,
			);
			mainGroup = 40BBB84220A6CE6D0003742D;
			productRefGroup = 40BBB84C20A6CE6D0003742D /* Products */;
			projectDirPath = "";
			projectRoot = "";
			targets = (
				40BBB84A20A6CE6D0003742D /* Memo */,
				40BBB85E20A6CE6E0003742D /* MemoTests */,
				40BBB86920A6CE6E0003742D /* MemoUITests */,
			);
		};
/* End PBXProject section */

/* Begin PBXResourcesBuildPhase section */
		40BBB84920A6CE6D0003742D /* Resources */ = {
			isa = PBXResourcesBuildPhase;
			buildActionMask = 2147483647;
			files = (
				40BBB85920A6CE6E0003742D /* LaunchScreen.storyboard in Resources */,
				40BBB85620A6CE6E0003742D /* Assets.xcassets in Resources */,
				40BBB85420A6CE6D0003742D /* Main.storyboard in Resources */,
			);
			runOnlyForDeploymentPostprocessing = 0;
		};
		40BBB85D20A6CE6E0003742D /* Resources */ = {
			isa = PBXResourcesBuildPhase;
			buildActionMask = 2147483647;
			files = (
			);
			runOnlyForDeploymentPostprocessing = 0;
		};
		40BBB86820A6CE6E0003742D /* Resources */ = {
			isa = PBXResourcesBuildPhase;
			buildActionMask = 2147483647;
			files = (
			);
			runOnlyForDeploymentPostprocessing = 0;
		};
/* End PBXResourcesBuildPhase section */

/* Begin PBXSourcesBuildPhase section */
		40BBB84720A6CE6D0003742D /* Sources */ = {
			isa = PBXSourcesBuildPhase;
			buildActionMask = 2147483647;
			files = (
				40BBB85120A6CE6D0003742D /* ViewController.swift in Sources */,
				40BBB84F20A6CE6D0003742D /* AppDelegate.swift in Sources */,
			);
			runOnlyForDeploymentPostprocessing = 0;
		};
		40BBB85B20A6CE6E0003742D /* Sources */ = {
			isa = PBXSourcesBuildPhase;
			buildActionMask = 2147483647;
			files = (
				40BBB86420A6CE6E0003742D /* MemoTests.swift in Sources */,
			);
			runOnlyForDeploymentPostprocessing = 0;
		};
		40BBB86620A6CE6E0003742D /* Sources */ = {
			isa = PBXSourcesBuildPhase;
			buildActionMask = 2147483647;
			files = (
				40BBB86F20A6CE6E0003742D /* MemoUITests.swift in Sources */,
			);
			runOnlyForDeploymentPostprocessing = 0;
		};
/* End PBXSourcesBuildPhase section */

/* Begin PBXTargetDependency section */
		40BBB86120A6CE6E0003742D /* PBXTargetDependency */ = {
			isa = PBXTargetDependency;
			target = 40BBB84A20A6CE6D0003742D /* Memo */;
			targetProxy = 40BBB86020A6CE6E0003742D /* PBXContainerItemProxy */;
		};
		40BBB86C20A6CE6E0003742D /* PBXTargetDependency */ = {
			isa = PBXTargetDependency;
			target = 40BBB84A20A6CE6D0003742D /* Memo */;
			targetProxy = 40BBB86B20A6CE6E0003742D /* PBXContainerItemProxy */;
		};
/* End PBXTargetDependency section */

/* Begin PBXVariantGroup section */
		40BBB85220A6CE6D0003742D /* Main.storyboard */ = {
			isa = PBXVariantGroup;
			children = (
				40BBB85320A6CE6D0003742D /* Base */,
			);
			name = Main.storyboard;
			sourceTree = "<group>";
		};
		40BBB85720A6CE6E0003742D /* LaunchScreen.storyboard */ = {
			isa = PBXVariantGroup;
			children = (
				40BBB85820A6CE6E0003742D /* Base */,
			);
			name = LaunchScreen.storyboard;
			sourceTree = "<group>";
		};
/* End PBXVariantGroup section */

/* Begin XCBuildConfiguration section */
		40BBB87120A6CE6E0003742D /* Debug */ = {
			isa = XCBuildConfiguration;
			buildSettings = {
				ALWAYS_SEARCH_USER_PATHS = NO;
				CLANG_ANALYZER_NONNULL = YES;
				CLANG_ANALYZER_NUMBER_OBJECT_CONVERSION = YES_AGGRESSIVE;
				CLANG_CXX_LANGUAGE_STANDARD = "gnu++14";
				CLANG_CXX_LIBRARY = "libc++";
				CLANG_ENABLE_MODULES = YES;
				CLANG_ENABLE_OBJC_ARC = YES;
				CLANG_ENABLE_OBJC_WEAK = YES;
				CLANG_WARN_BLOCK_CAPTURE_AUTORELEASING = YES;
				CLANG_WARN_BOOL_CONVERSION = YES;
				CLANG_WARN_COMMA = YES;
				CLANG_WARN_CONSTANT_CONVERSION = YES;
				CLANG_WARN_DEPRECATED_OBJC_IMPLEMENTATIONS = YES;
				CLANG_WARN_DIRECT_OBJC_ISA_USAGE = YES_ERROR;
				CLANG_WARN_DOCUMENTATION_COMMENTS = YES;
				CLANG_WARN_EMPTY_BODY = YES;
				CLANG_WARN_ENUM_CONVERSION = YES;
				CLANG_WARN_INFINITE_RECURSION = YES;
				CLANG_WARN_INT_CONVERSION = YES;
				CLANG_WARN_NON_LITERAL_NULL_CONVERSION = YES;
				CLANG_WARN_OBJC_IMPLICIT_RETAIN_SELF = YES;
				CLANG_WARN_OBJC_LITERAL_CONVERSION = YES;
				CLANG_WARN_OBJC_ROOT_CLASS = YES_ERROR;
				CLANG_WARN_RANGE_LOOP_ANALYSIS = YES;
				CLANG_WARN_STRICT_PROTOTYPES = YES;
				CLANG_WARN_SUSPICIOUS_MOVE = YES;
				CLANG_WARN_UNGUARDED_AVAILABILITY = YES_AGGRESSIVE;
				CLANG_WARN_UNREACHABLE_CODE = YES;
				CLANG_WARN__DUPLICATE_METHOD_MATCH = YES;
				CODE_SIGN_IDENTITY = "iPhone Developer";
				COPY_PHASE_STRIP = NO;
				DEBUG_INFORMATION_FORMAT = dwarf;
				ENABLE_STRICT_OBJC_MSGSEND = YES;
				ENABLE_TESTABILITY = YES;
				GCC_C_LANGUAGE_STANDARD = gnu11;
				GCC_DYNAMIC_NO_PIC = NO;
				GCC_NO_COMMON_BLOCKS = YES;
				GCC_OPTIMIZATION_LEVEL = 0;
				GCC_PREPROCESSOR_DEFINITIONS = (
					"DEBUG=1",
					"$(inherited)",
				);
				GCC_WARN_64_TO_32_BIT_CONVERSION = YES;
				GCC_WARN_ABOUT_RETURN_TYPE = YES_ERROR;
				GCC_WARN_UNDECLARED_SELECTOR = YES;
				GCC_WARN_UNINITIALIZED_AUTOS = YES_AGGRESSIVE;
				GCC_WARN_UNUSED_FUNCTION = YES;
				GCC_WARN_UNUSED_VARIABLE = YES;
				IPHONEOS_DEPLOYMENT_TARGET = 11.3;
				MTL_ENABLE_DEBUG_INFO = YES;
				ONLY_ACTIVE_ARCH = YES;
				SDKROOT = iphoneos;
				SWIFT_ACTIVE_COMPILATION_CONDITIONS = DEBUG;
				SWIFT_OPTIMIZATION_LEVEL = "-Onone";
			};
			name = Debug;
		};
		40BBB87220A6CE6E0003742D /* Release */ = {
			isa = XCBuildConfiguration;
			buildSettings = {
				ALWAYS_SEARCH_USER_PATHS = NO;
				CLANG_ANALYZER_NONNULL = YES;
				CLANG_ANALYZER_NUMBER_OBJECT_CONVERSION = YES_AGGRESSIVE;
				CLANG_CXX_LANGUAGE_STANDARD = "gnu++14";
				CLANG_CXX_LIBRARY = "libc++";
				CLANG_ENABLE_MODULES = YES;
				CLANG_ENABLE_OBJC_ARC = YES;
				CLANG_ENABLE_OBJC_WEAK = YES;
				CLANG_WARN_BLOCK_CAPTURE_AUTORELEASING = YES;
				CLANG_WARN_BOOL_CONVERSION = YES;
				CLANG_WARN_COMMA = YES;
				CLANG_WARN_CONSTANT_CONVERSION = YES;
				CLANG_WARN_DEPRECATED_OBJC_IMPLEMENTATIONS = YES;
				CLANG_WARN_DIRECT_OBJC_ISA_USAGE = YES_ERROR;
				CLANG_WARN_DOCUMENTATION_COMMENTS = YES;
				CLANG_WARN_EMPTY_BODY = YES;
				CLANG_WARN_ENUM_CONVERSION = YES;
				CLANG_WARN_INFINITE_RECURSION = YES;
				CLANG_WARN_INT_CONVERSION = YES;
				CLANG_WARN_NON_LITERAL_NULL_CONVERSION = YES;
				CLANG_WARN_OBJC_IMPLICIT_RETAIN_SELF = YES;
				CLANG_WARN_OBJC_LITERAL_CONVERSION = YES;
				CLANG_WARN_OBJC_ROOT_CLASS = YES_ERROR;
				CLANG_WARN_RANGE_LOOP_ANALYSIS = YES;
				CLANG_WARN_STRICT_PROTOTYPES = YES;
				CLANG_WARN_SUSPICIOUS_MOVE = YES;
				CLANG_WARN_UNGUARDED_AVAILABILITY = YES_AGGRESSIVE;
				CLANG_WARN_UNREACHABLE_CODE = YES;
				CLANG_WARN__DUPLICATE_METHOD_MATCH = YES;
				CODE_SIGN_IDENTITY = "iPhone Developer";
				COPY_PHASE_STRIP = NO;
				DEBUG_INFORMATION_FORMAT = "dwarf-with-dsym";
				ENABLE_NS_ASSERTIONS = NO;
				ENABLE_STRICT_OBJC_MSGSEND = YES;
				GCC_C_LANGUAGE_STANDARD = gnu11;
				GCC_NO_COMMON_BLOCKS = YES;
				GCC_WARN_64_TO_32_BIT_CONVERSION = YES;
				GCC_WARN_ABOUT_RETURN_TYPE = YES_ERROR;
				GCC_WARN_UNDECLARED_SELECTOR = YES;
				GCC_WARN_UNINITIALIZED_AUTOS = YES_AGGRESSIVE;
				GCC_WARN_UNUSED_FUNCTION = YES;
				GCC_WARN_UNUSED_VARIABLE = YES;
				IPHONEOS_DEPLOYMENT_TARGET = 11.3;
				MTL_ENABLE_DEBUG_INFO = NO;
				SDKROOT = iphoneos;
				SWIFT_COMPILATION_MODE = wholemodule;
				SWIFT_OPTIMIZATION_LEVEL = "-O";
				VALIDATE_PRODUCT = YES;
			};
			name = Release;
		};
		40BBB87420A6CE6E0003742D /* Debug */ = {
			isa = XCBuildConfiguration;
			buildSettings = {
				ASSETCATALOG_COMPILER_APPICON_NAME = AppIcon;
				CODE_SIGN_STYLE = Automatic;
				INFOPLIST_FILE = Memo/Info.plist;
				LD_RUNPATH_SEARCH_PATHS = (
					"$(inherited)",
					"@executable_path/Frameworks",
				);
				PRODUCT_BUNDLE_IDENTIFIER = "park-woorim.Memo";
				PRODUCT_NAME = "$(TARGET_NAME)";
				SWIFT_VERSION = 4.0;
				TARGETED_DEVICE_FAMILY = "1,2";
			};
			name = Debug;
		};
		40BBB87520A6CE6E0003742D /* Release */ = {
			isa = XCBuildConfiguration;
			buildSettings = {
				ASSETCATALOG_COMPILER_APPICON_NAME = AppIcon;
				CODE_SIGN_STYLE = Automatic;
				INFOPLIST_FILE = Memo/Info.plist;
				LD_RUNPATH_SEARCH_PATHS = (
					"$(inherited)",
					"@executable_path/Frameworks",
				);
				PRODUCT_BUNDLE_IDENTIFIER = "park-woorim.Memo";
				PRODUCT_NAME = "$(TARGET_NAME)";
				SWIFT_VERSION = 4.0;
				TARGETED_DEVICE_FAMILY = "1,2";
			};
			name = Release;
		};
		40BBB87720A6CE6E0003742D /* Debug */ = {
			isa = XCBuildConfiguration;
			buildSettings = {
				ALWAYS_EMBED_SWIFT_STANDARD_LIBRARIES = YES;
				BUNDLE_LOADER = "$(TEST_HOST)";
				CODE_SIGN_STYLE = Automatic;
				INFOPLIST_FILE = MemoTests/Info.plist;
				LD_RUNPATH_SEARCH_PATHS = (
					"$(inherited)",
					"@executable_path/Frameworks",
					"@loader_path/Frameworks",
				);
				PRODUCT_BUNDLE_IDENTIFIER = "park-woorim.MemoTests";
				PRODUCT_NAME = "$(TARGET_NAME)";
				SWIFT_VERSION = 4.0;
				TARGETED_DEVICE_FAMILY = "1,2";
				TEST_HOST = "$(BUILT_PRODUCTS_DIR)/Memo.app/Memo";
			};
			name = Debug;
		};
		40BBB87820A6CE6E0003742D /* Release */ = {
			isa = XCBuildConfiguration;
			buildSettings = {
				ALWAYS_EMBED_SWIFT_STANDARD_LIBRARIES = YES;
				BUNDLE_LOADER = "$(TEST_HOST)";
				CODE_SIGN_STYLE = Automatic;
				INFOPLIST_FILE = MemoTests/Info.plist;
				LD_RUNPATH_SEARCH_PATHS = (
					"$(inherited)",
					"@executable_path/Frameworks",
					"@loader_path/Frameworks",
				);
				PRODUCT_BUNDLE_IDENTIFIER = "park-woorim.MemoTests";
				PRODUCT_NAME = "$(TARGET_NAME)";
				SWIFT_VERSION = 4.0;
				TARGETED_DEVICE_FAMILY = "1,2";
				TEST_HOST = "$(BUILT_PRODUCTS_DIR)/Memo.app/Memo";
			};
			name = Release;
		};
		40BBB87A20A6CE6E0003742D /* Debug */ = {
			isa = XCBuildConfiguration;
			buildSettings = {
				ALWAYS_EMBED_SWIFT_STANDARD_LIBRARIES = YES;
				CODE_SIGN_STYLE = Automatic;
				INFOPLIST_FILE = MemoUITests/Info.plist;
				LD_RUNPATH_SEARCH_PATHS = (
					"$(inherited)",
					"@executable_path/Frameworks",
					"@loader_path/Frameworks",
				);
				PRODUCT_BUNDLE_IDENTIFIER = "park-woorim.MemoUITests";
				PRODUCT_NAME = "$(TARGET_NAME)";
				SWIFT_VERSION = 4.0;
				TARGETED_DEVICE_FAMILY = "1,2";
				TEST_TARGET_NAME = Memo;
			};
			name = Debug;
		};
		40BBB87B20A6CE6E0003742D /* Release */ = {
			isa = XCBuildConfiguration;
			buildSettings = {
				ALWAYS_EMBED_SWIFT_STANDARD_LIBRARIES = YES;
				CODE_SIGN_STYLE = Automatic;
				INFOPLIST_FILE = MemoUITests/Info.plist;
				LD_RUNPATH_SEARCH_PATHS = (
					"$(inherited)",
					"@executable_path/Frameworks",
					"@loader_path/Frameworks",
				);
				PRODUCT_BUNDLE_IDENTIFIER = "park-woorim.MemoUITests";
				PRODUCT_NAME = "$(TARGET_NAME)";
				SWIFT_VERSION = 4.0;
				TARGETED_DEVICE_FAMILY = "1,2";
				TEST_TARGET_NAME = Memo;
			};
			name = Release;
		};
/* End XCBuildConfiguration section */

/* Begin XCConfigurationList section */
		40BBB84620A6CE6D0003742D /* Build configuration list for PBXProject "Memo" */ = {
			isa = XCConfigurationList;
			buildConfigurations = (
				40BBB87120A6CE6E0003742D /* Debug */,
				40BBB87220A6CE6E0003742D /* Release */,
			);
			defaultConfigurationIsVisible = 0;
			defaultConfigurationName = Release;
		};
		40BBB87320A6CE6E0003742D /* Build configuration list for PBXNativeTarget "Memo" */ = {
			isa = XCConfigurationList;
			buildConfigurations = (
				40BBB87420A6CE6E0003742D /* Debug */,
				40BBB87520A6CE6E0003742D /* Release */,
			);
			defaultConfigurationIsVisible = 0;
			defaultConfigurationName = Release;
		};
		40BBB87620A6CE6E0003742D /* Build configuration list for PBXNativeTarget "MemoTests" */ = {
			isa = XCConfigurationList;
			buildConfigurations = (
				40BBB87720A6CE6E0003742D /* Debug */,
				40BBB87820A6CE6E0003742D /* Release */,
			);
			defaultConfigurationIsVisible = 0;
			defaultConfigurationName = Release;
		};
		40BBB87920A6CE6E0003742D /* Build configuration list for PBXNativeTarget "MemoUITests" */ = {
			isa = XCConfigurationList;
			buildConfigurations = (
				40BBB87A20A6CE6E0003742D /* Debug */,
				40BBB87B20A6CE6E0003742D /* Release */,
			);
			defaultConfigurationIsVisible = 0;
			defaultConfigurationName = Release;
		};
/* End XCConfigurationList section */
	};
	rootObject = 40BBB84320A6CE6D0003742D /* Project object */;
}
